Microsoft Visual Studio Solution File, Format Version 12.00
# Visual Studio Version 17
VisualStudioVersion = 17.5.2.0
MinimumVisualStudioVersion = 10.0.40219.1
Project("{2150E333-8FDC-42A3-9474-1A3956D46DE8}") = "reference", "reference", "{BDE35A5A-67E2-89B5-F696-3D963A037A75}"
EndProject
Project("{FAE04EC0-301F-11D3-BF4B-00C04F79EFBC}") = "WATA.LIS.INDICATOR.LED", "reference\WATA.LIS.INDICATOR.LED\WATA.LIS.INDICATOR.LED.csproj", "{27B1AAE2-9320-69A8-2C61-BEA5EEEF4741}"
EndProject
Global
	GlobalSection(SolutionConfigurationPlatforms) = preSolution
		Debug|Any CPU = Debug|Any CPU
		Release|Any CPU = Release|Any CPU
	EndGlobalSection
	GlobalSection(ProjectConfigurationPlatforms) = postSolution
		{27B1AAE2-9320-69A8-2C61-BEA5EEEF4741}.Debug|Any CPU.ActiveCfg = Debug|Any CPU
		{27B1AAE2-9320-69A8-2C61-BEA5EEEF4741}.Debug|Any CPU.Build.0 = Debug|Any CPU
		{27B1AAE2-9320-69A8-2C61-BEA5EEEF4741}.Release|Any CPU.ActiveCfg = Release|Any CPU
		{27B1AAE2-9320-69A8-2C61-BEA5EEEF4741}.Release|Any CPU.Build.0 = Release|Any CPU
	EndGlobalSection
	GlobalSection(SolutionProperties) = preSolution
		HideSolutionNode = FALSE
	EndGlobalSection
	GlobalSection(NestedProjects) = preSolution
		{27B1AAE2-9320-69A8-2C61-BEA5EEEF4741} = {BDE35A5A-67E2-89B5-F696-3D963A037A75}
	EndGlobalSection
	GlobalSection(ExtensibilityGlobals) = postSolution
		SolutionGuid = {FC54C2DF-924F-4D31-9A4B-D5DC14C1070C}
	EndGlobalSection
EndGlobal
